# This file is automatically @generated by Cargo.
# It is not intended for manual editing.
version = 3

[[package]]
name = "arch-ops"
version = "0.1.0"
dependencies = [
 "delegate",
 "lazy_static",
 "paste",
 "target-tuples",
 "with_builtin_macros",
]

[[package]]
name = "autobuild"
version = "0.1.0"
dependencies = [
 "install-dirs 0.3.2",
 "itertools",
 "lccc-siphash 0.1.0 (git+https://github.com/lccc-project/lccc-siphash)",
 "libc",
 "serde",
 "serde_derive",
 "target-tuples",
 "toml 0.8.8",
]

[[package]]
name = "autocfg"
version = "1.1.0"
source = "registry+https://github.com/rust-lang/crates.io-index"
checksum = "d468802bab17cbc0cc575e9b053f41e72aa36bfa6b7f55e3529ffa43161b97fa"

[[package]]
name = "binary-io"
version = "0.1.0"
source = "registry+https://github.com/rust-lang/crates.io-index"
checksum = "d48e3ca0c86b51d14834d49f91771531b31cce782f4d7774fd7908b044e44769"
dependencies = [
 "fake-enum",
]

[[package]]
name = "binfmt"
version = "0.1.0"
dependencies = [
 "arch-ops",
 "bytemuck",
 "fake-enum",
 "lazy_static",
 "static_assertions",
 "target-tuples",
]

[[package]]
name = "bitflags"
version = "1.3.2"
source = "registry+https://github.com/rust-lang/crates.io-index"
checksum = "bef38d45163c2f1dde094a7dfd33ccf595c92905c8f8f4fdc18d06fb1037718a"

[[package]]
name = "bytemuck"
version = "1.13.1"
source = "registry+https://github.com/rust-lang/crates.io-index"
checksum = "17febce684fd15d89027105661fec94afb475cb995fbc59d2865198446ba2eea"
dependencies = [
 "bytemuck_derive",
]

[[package]]
name = "bytemuck_derive"
version = "1.4.1"
source = "registry+https://github.com/rust-lang/crates.io-index"
checksum = "fdde5c9cd29ebd706ce1b35600920a33550e402fc998a2e53ad3b42c3c47a192"
dependencies = [
 "proc-macro2",
 "quote",
 "syn 2.0.27",
]

[[package]]
name = "byteorder"
version = "1.4.3"
source = "registry+https://github.com/rust-lang/crates.io-index"
checksum = "14c189c53d098945499cdfa7ecc63567cf3886b3332b312a5b4585d8d3a6a610"

[[package]]
name = "cfg-if"
version = "1.0.0"
source = "registry+https://github.com/rust-lang/crates.io-index"
checksum = "baf1de4339761588bc0619e3cbc0120ee582ebb74b53b4efbf79117bd2da40fd"

[[package]]
name = "cfg-match"
version = "0.2.1"
source = "registry+https://github.com/rust-lang/crates.io-index"
checksum = "8100e46ff92eb85bf6dc2930c73f2a4f7176393c84a9446b3d501e1b354e7b34"

[[package]]
name = "codegen-clever"
version = "0.1.0"
dependencies = [
 "arch-ops",
 "binfmt",
 "target-tuples",
 "xlang",
 "xlang_backend",
 "xlang_struct",
]

[[package]]
name = "codegen-w65"
version = "0.1.0"
dependencies = [
 "arch-ops",
 "binfmt",
 "target-tuples",
 "xlang",
 "xlang_backend",
 "xlang_struct",
]

[[package]]
name = "codegen-x86"
version = "0.1.0"
dependencies = [
 "arch-ops",
 "binfmt",
 "target-tuples",
 "xlang",
 "xlang_backend",
 "xlang_struct",
]

[[package]]
name = "defile"
version = "0.2.1"
source = "registry+https://github.com/rust-lang/crates.io-index"
checksum = "fa3324a455850286c803c1c16d3835a44a9457765899417775e4dc6080cd942d"
dependencies = [
 "defile-proc_macros",
]

[[package]]
name = "defile-proc_macros"
version = "0.2.1"
source = "registry+https://github.com/rust-lang/crates.io-index"
checksum = "87c5c1460bfb0f719e899feab6ae532e5e0f059cdc85913bab8e6a0d7980245e"

[[package]]
name = "delegate"
version = "0.9.0"
source = "registry+https://github.com/rust-lang/crates.io-index"
checksum = "d358e0ec5c59a5e1603b933def447096886121660fc680dc1e64a0753981fe3c"
dependencies = [
 "proc-macro2",
 "quote",
 "syn 1.0.109",
]

[[package]]
name = "either"
version = "1.9.0"
source = "registry+https://github.com/rust-lang/crates.io-index"
checksum = "a26ae43d7bcc3b814de94796a5e736d4029efb0ee900c12e2d54c993ad1a1e07"

[[package]]
name = "equivalent"
version = "1.0.1"
source = "registry+https://github.com/rust-lang/crates.io-index"
checksum = "5443807d6dff69373d433ab9ef5378ad8df50ca6298caf15de6e52e24aaf54d5"

[[package]]
name = "fake-enum"
version = "0.1.4"
source = "registry+https://github.com/rust-lang/crates.io-index"
checksum = "185b4cd26aff3789b8662aa73732b585d46b9756cd3c6b302be72f68302c5eba"

[[package]]
name = "frontend-c"
version = "0.1.0"
dependencies = [
 "unicode-xid",
 "xlang",
 "xlang_frontend",
 "xlang_struct",
]

[[package]]
name = "frontend-rust"
version = "0.1.0"
dependencies = [
 "defile",
 "fxhash",
 "interning-static-syms",
 "lazy_static",
 "parking_lot",
 "peekmore",
 "rust_mir_macro",
 "unicode-xid",
 "xlang",
]

[[package]]
name = "frontend-xir"
version = "0.1.0"
dependencies = [
 "binary-io",
 "peekmore",
 "target-tuples",
 "unicode-xid",
 "xlang",
 "xlang_struct",
]

[[package]]
name = "fxhash"
version = "0.2.1"
source = "registry+https://github.com/rust-lang/crates.io-index"
checksum = "c31b6d751ae2c7f11320402d34e41349dd1016f8d5d45e48c4312bc8625af50c"
dependencies = [
 "byteorder",
]

[[package]]
name = "hashbrown"
version = "0.14.0"
source = "registry+https://github.com/rust-lang/crates.io-index"
checksum = "2c6201b9ff9fd90a5a3bac2e56a830d0caa509576f0e503818ee82c181b3437a"

[[package]]
name = "indexmap"
version = "2.0.0"
source = "registry+https://github.com/rust-lang/crates.io-index"
checksum = "d5477fe2230a79769d8dc68e0eabf5437907c0457a5614a9e8dddb67f65eb65d"
dependencies = [
 "equivalent",
 "hashbrown",
]

[[package]]
name = "install-dirs"
version = "0.2.1"
source = "registry+https://github.com/rust-lang/crates.io-index"
checksum = "41efed366b6d617c339c0920deaf114b9df08febf66df9810fc97f46e1bb36c4"
dependencies = [
 "serde",
]

[[package]]
name = "install-dirs"
version = "0.3.2"
source = "registry+https://github.com/rust-lang/crates.io-index"
checksum = "a6d3e0b81731f08fde18b7bcee99e8cbf607ce0206cc74ea88b9cbbdc3a78172"
dependencies = [
 "serde",
]

[[package]]
name = "interning-static-syms"
version = "0.1.0"

[[package]]
name = "itertools"
version = "0.11.0"
source = "registry+https://github.com/rust-lang/crates.io-index"
checksum = "b1c173a5686ce8bfa551b3563d0c2170bf24ca44da99c7ca4bfdab5418c3fe57"
dependencies = [
 "either",
]

[[package]]
name = "lazy_static"
version = "1.4.0"
source = "registry+https://github.com/rust-lang/crates.io-index"
checksum = "e2abad23fbc42b3700f2f279844dc832adb2b2eb069b2df918f455c4e18cc646"

[[package]]
name = "lccc"
version = "0.1.0"
dependencies = [
 "install-dirs 0.2.1",
 "serde",
 "serde_derive",
 "target-tuples",
 "temp-file",
 "toml 0.5.11",
 "which",
 "xlang",
 "xlang_frontend",
 "xlang_host",
]

[[package]]
name = "lccc-siphash"
version = "0.1.0"
source = "registry+https://github.com/rust-lang/crates.io-index"
checksum = "15d185e10c787c464fc66c65e04e5ece989e1b654ab177bdad844248e9df71fc"

[[package]]
name = "lccc-siphash"
version = "0.1.0"
source = "git+https://github.com/lccc-project/lccc-siphash#3c969014d6e5f7a14819202d476b3c9d711d5f77"

[[package]]
name = "lcrustc"
version = "0.1.0"
dependencies = [
 "lccc",
 "xlang",
]

[[package]]
name = "libc"
version = "0.2.152"
source = "registry+https://github.com/rust-lang/crates.io-index"
checksum = "13e3bf6590cbc649f4d1a3eefc9d5d6eb746f5200ffb04e5e142700b8faa56e7"

[[package]]
name = "lock_api"
version = "0.4.10"
source = "registry+https://github.com/rust-lang/crates.io-index"
checksum = "c1cc9717a20b1bb222f333e6a92fd32f7d8a18ddc5a3191a11af45dcbf4dcd16"
dependencies = [
 "autocfg",
 "scopeguard",
]

[[package]]
name = "memchr"
version = "2.6.2"
source = "registry+https://github.com/rust-lang/crates.io-index"
checksum = "5486aed0026218e61b8a01d5fbd5a0a134649abb71a0e53b7bc088529dced86e"

[[package]]
name = "once_cell"
version = "1.18.0"
source = "registry+https://github.com/rust-lang/crates.io-index"
checksum = "dd8b5dd2ae5ed71462c540258bedcb51965123ad7e7ccf4b9a8cafaa4a63576d"

[[package]]
name = "parking_lot"
version = "0.12.1"
source = "registry+https://github.com/rust-lang/crates.io-index"
checksum = "3742b2c103b9f06bc9fff0a37ff4912935851bee6d36f3c02bcc755bcfec228f"
dependencies = [
 "lock_api",
 "parking_lot_core",
]

[[package]]
name = "parking_lot_core"
version = "0.9.8"
source = "registry+https://github.com/rust-lang/crates.io-index"
checksum = "93f00c865fe7cabf650081affecd3871070f26767e7b2070a3ffae14c654b447"
dependencies = [
 "cfg-if",
 "libc",
 "redox_syscall",
 "smallvec",
 "windows-targets",
]

[[package]]
name = "paste"
version = "1.0.14"
source = "registry+https://github.com/rust-lang/crates.io-index"
checksum = "de3145af08024dea9fa9914f381a17b8fc6034dfb00f3a84013f7ff43f29ed4c"

[[package]]
name = "peekmore"
version = "1.3.0"
source = "registry+https://github.com/rust-lang/crates.io-index"
checksum = "9163e1259760e83d528d1b3171e5100c1767f10c52e1c4d6afad26e63d47d758"

[[package]]
name = "proc-macro2"
version = "1.0.66"
source = "registry+https://github.com/rust-lang/crates.io-index"
checksum = "18fb31db3f9bddb2ea821cde30a9f70117e3f119938b5ee630b7403aa6e2ead9"
dependencies = [
 "unicode-ident",
]

[[package]]
name = "quote"
version = "1.0.32"
source = "registry+https://github.com/rust-lang/crates.io-index"
checksum = "50f3b39ccfb720540debaa0164757101c08ecb8d326b15358ce76a62c7e85965"
dependencies = [
 "proc-macro2",
]

[[package]]
name = "redox_syscall"
version = "0.3.5"
source = "registry+https://github.com/rust-lang/crates.io-index"
checksum = "567664f262709473930a4bf9e51bf2ebf3348f2e748ccc50dea20646858f8f29"
dependencies = [
 "bitflags",
]

[[package]]
name = "rlib"
version = "0.1.0"
dependencies = [
 "binfmt",
 "bitflags",
 "bytemuck",
]

[[package]]
name = "rust_mir_macro"
version = "0.1.0"
dependencies = [
 "xlang_frontend",
]

[[package]]
name = "scopeguard"
version = "1.2.0"
source = "registry+https://github.com/rust-lang/crates.io-index"
checksum = "94143f37725109f92c262ed2cf5e59bce7498c01bcc1502d7b9afe439a4e9f49"

[[package]]
name = "serde"
version = "1.0.171"
source = "registry+https://github.com/rust-lang/crates.io-index"
checksum = "30e27d1e4fd7659406c492fd6cfaf2066ba8773de45ca75e855590f856dc34a9"
dependencies = [
 "serde_derive",
]

[[package]]
name = "serde_derive"
version = "1.0.171"
source = "registry+https://github.com/rust-lang/crates.io-index"
checksum = "389894603bd18c46fa56231694f8d827779c0951a667087194cf9de94ed24682"
dependencies = [
 "proc-macro2",
 "quote",
 "syn 2.0.27",
]

[[package]]
name = "serde_spanned"
version = "0.6.5"
source = "registry+https://github.com/rust-lang/crates.io-index"
checksum = "eb3622f419d1296904700073ea6cc23ad690adbd66f13ea683df73298736f0c1"
dependencies = [
 "serde",
]

[[package]]
name = "smallvec"
version = "1.11.0"
source = "registry+https://github.com/rust-lang/crates.io-index"
checksum = "62bb4feee49fdd9f707ef802e22365a35de4b7b299de4763d44bfea899442ff9"

[[package]]
name = "static_assertions"
version = "1.1.0"
source = "registry+https://github.com/rust-lang/crates.io-index"
checksum = "a2eb9349b6444b326872e140eb1cf5e7c522154d69e7a0ffb0fb81c06b37543f"

[[package]]
name = "syn"
version = "1.0.109"
source = "registry+https://github.com/rust-lang/crates.io-index"
checksum = "72b64191b275b66ffe2469e8af2c1cfe3bafa67b529ead792a6d0160888b4237"
dependencies = [
 "proc-macro2",
 "quote",
 "unicode-ident",
]

[[package]]
name = "syn"
version = "2.0.27"
source = "registry+https://github.com/rust-lang/crates.io-index"
checksum = "b60f673f44a8255b9c8c657daf66a596d435f2da81a555b06dc644d080ba45e0"
dependencies = [
 "proc-macro2",
 "quote",
 "unicode-ident",
]

[[package]]
name = "target-tuples"
version = "0.5.12"
source = "registry+https://github.com/rust-lang/crates.io-index"
checksum = "36fce212e343c4c031f44ff5f8399aeba585055b608d09b6388abfded56a0140"

[[package]]
name = "temp-file"
version = "0.1.7"
source = "registry+https://github.com/rust-lang/crates.io-index"
checksum = "f4479870ee948e4c5c3fc4774b46aa73eedf97d84503a9b90922c1bb19a73a8d"

[[package]]
name = "toml"
version = "0.5.11"
source = "registry+https://github.com/rust-lang/crates.io-index"
checksum = "f4f7f0dd8d50a853a531c426359045b1998f04219d88799810762cd4ad314234"
dependencies = [
 "serde",
]

[[package]]
name = "toml"
version = "0.8.8"
source = "registry+https://github.com/rust-lang/crates.io-index"
checksum = "a1a195ec8c9da26928f773888e0742ca3ca1040c6cd859c919c9f59c1954ab35"
dependencies = [
 "serde",
 "serde_spanned",
 "toml_datetime",
 "toml_edit",
]

[[package]]
name = "toml_datetime"
version = "0.6.5"
source = "registry+https://github.com/rust-lang/crates.io-index"
checksum = "3550f4e9685620ac18a50ed434eb3aec30db8ba93b0287467bca5826ea25baf1"
dependencies = [
 "serde",
]

[[package]]
name = "toml_edit"
version = "0.21.0"
source = "registry+https://github.com/rust-lang/crates.io-index"
checksum = "d34d383cd00a163b4a5b85053df514d45bc330f6de7737edfe0a93311d1eaa03"
dependencies = [
 "indexmap",
 "serde",
 "serde_spanned",
 "toml_datetime",
 "winnow",
]

[[package]]
name = "transparent"
version = "0.1.0"
dependencies = [
 "xlang",
]

[[package]]
name = "unicode-ident"
version = "1.0.11"
source = "registry+https://github.com/rust-lang/crates.io-index"
checksum = "301abaae475aa91687eb82514b328ab47a211a533026cb25fc3e519b86adfc3c"

[[package]]
name = "unicode-xid"
version = "0.2.4"
source = "registry+https://github.com/rust-lang/crates.io-index"
checksum = "f962df74c8c05a667b5ee8bcf162993134c104e96440b663c8daa176dc772d8c"

[[package]]
name = "which"
version = "4.4.0"
source = "registry+https://github.com/rust-lang/crates.io-index"
checksum = "2441c784c52b289a054b7201fc93253e288f094e2f4be9058343127c4226a269"
dependencies = [
 "either",
 "libc",
 "once_cell",
]

[[package]]
name = "windows-targets"
version = "0.48.1"
source = "registry+https://github.com/rust-lang/crates.io-index"
checksum = "05d4b17490f70499f20b9e791dcf6a299785ce8af4d709018206dc5b4953e95f"
dependencies = [
 "windows_aarch64_gnullvm",
 "windows_aarch64_msvc",
 "windows_i686_gnu",
 "windows_i686_msvc",
 "windows_x86_64_gnu",
 "windows_x86_64_gnullvm",
 "windows_x86_64_msvc",
]

[[package]]
name = "windows_aarch64_gnullvm"
version = "0.48.0"
source = "registry+https://github.com/rust-lang/crates.io-index"
checksum = "91ae572e1b79dba883e0d315474df7305d12f569b400fcf90581b06062f7e1bc"

[[package]]
name = "windows_aarch64_msvc"
version = "0.48.0"
source = "registry+https://github.com/rust-lang/crates.io-index"
checksum = "b2ef27e0d7bdfcfc7b868b317c1d32c641a6fe4629c171b8928c7b08d98d7cf3"

[[package]]
name = "windows_i686_gnu"
version = "0.48.0"
source = "registry+https://github.com/rust-lang/crates.io-index"
checksum = "622a1962a7db830d6fd0a69683c80a18fda201879f0f447f065a3b7467daa241"

[[package]]
name = "windows_i686_msvc"
version = "0.48.0"
source = "registry+https://github.com/rust-lang/crates.io-index"
checksum = "4542c6e364ce21bf45d69fdd2a8e455fa38d316158cfd43b3ac1c5b1b19f8e00"

[[package]]
name = "windows_x86_64_gnu"
version = "0.48.0"
source = "registry+https://github.com/rust-lang/crates.io-index"
checksum = "ca2b8a661f7628cbd23440e50b05d705db3686f894fc9580820623656af974b1"

[[package]]
name = "windows_x86_64_gnullvm"
version = "0.48.0"
source = "registry+https://github.com/rust-lang/crates.io-index"
checksum = "7896dbc1f41e08872e9d5e8f8baa8fdd2677f29468c4e156210174edc7f7b953"

[[package]]
name = "windows_x86_64_msvc"
version = "0.48.0"
source = "registry+https://github.com/rust-lang/crates.io-index"
checksum = "1a515f5799fe4961cb532f983ce2b23082366b898e52ffbce459c86f67c8378a"

[[package]]
name = "winnow"
version = "0.5.15"
source = "registry+https://github.com/rust-lang/crates.io-index"
checksum = "7c2e3184b9c4e92ad5167ca73039d0c42476302ab603e2fec4487511f38ccefc"
dependencies = [
 "memchr",
]

[[package]]
name = "with_builtin_macros"
version = "0.0.3"
source = "registry+https://github.com/rust-lang/crates.io-index"
checksum = "a59d55032495429b87f9d69954c6c8602e4d3f3e0a747a12dea6b0b23de685da"
dependencies = [
 "with_builtin_macros-proc_macros",
]

[[package]]
name = "with_builtin_macros-proc_macros"
version = "0.0.3"
source = "registry+https://github.com/rust-lang/crates.io-index"
checksum = "15bd7679c15e22924f53aee34d4e448c45b674feb6129689af88593e129f8f42"
dependencies = [
 "proc-macro2",
 "quote",
 "syn 1.0.109",
]

[[package]]
name = "xlang"
version = "0.1.0"
dependencies = [
 "fake-enum",
 "target-tuples",
 "xlang_abi",
 "xlang_host",
 "xlang_interface",
 "xlang_struct",
 "xlang_targets",
]

[[package]]
name = "xlang_abi"
version = "0.2.0"
dependencies = [
 "xlang_host",
]

[[package]]
name = "xlang_abi_macro"
version = "0.1.1"
dependencies = [
 "proc-macro2",
 "quote",
 "syn 1.0.109",
]

[[package]]
name = "xlang_backend"
version = "0.1.0"
dependencies = [
 "arch-ops",
 "binfmt",
 "target-tuples",
 "xlang",
]

[[package]]
name = "xlang_frontend"
version = "0.1.0"
dependencies = [
 "xlang",
]

[[package]]
name = "xlang_host"
version = "0.2.0"
dependencies = [
 "cfg-match",
]

[[package]]
name = "xlang_interface"
version = "0.1.0"
dependencies = [
 "lazy_static",
 "lccc-siphash 0.1.0 (registry+https://github.com/rust-lang/crates.io-index)",
 "xlang_abi",
 "xlang_host",
 "xlang_targets",
]

[[package]]
name = "xlang_opt"
version = "0.1.0"
dependencies = [
 "xlang",
]

[[package]]
name = "xlang_struct"
version = "0.1.0"
dependencies = [
 "bitflags",
 "fake-enum",
 "xlang_abi",
 "xlang_targets",
]

[[package]]
name = "xlang_targets"
version = "0.2.0"
dependencies = [
 "xlang_abi",
]
