# This file is automatically @generated by Cargo.
# It is not intended for manual editing.
[[package]]
name = "lccc"
version = "0.1.0"
dependencies = [
 "xlang 0.1.0",
]

[[package]]
name = "proc-macro2"
version = "1.0.29"
source = "registry+https://github.com/rust-lang/crates.io-index"
dependencies = [
 "unicode-xid 0.2.2 (registry+https://github.com/rust-lang/crates.io-index)",
]

[[package]]
name = "quote"
version = "1.0.9"
source = "registry+https://github.com/rust-lang/crates.io-index"
dependencies = [
 "proc-macro2 1.0.29 (registry+https://github.com/rust-lang/crates.io-index)",
]

[[package]]
name = "syn"
version = "1.0.75"
source = "registry+https://github.com/rust-lang/crates.io-index"
dependencies = [
 "proc-macro2 1.0.29 (registry+https://github.com/rust-lang/crates.io-index)",
 "quote 1.0.9 (registry+https://github.com/rust-lang/crates.io-index)",
 "unicode-xid 0.2.2 (registry+https://github.com/rust-lang/crates.io-index)",
]

[[package]]
name = "target-tuples"
version = "0.4.1"
source = "registry+https://github.com/rust-lang/crates.io-index"

[[package]]
name = "target-tuples"
version = "0.5.0"
source = "registry+https://github.com/rust-lang/crates.io-index"

[[package]]
name = "unicode-xid"
version = "0.2.2"
source = "registry+https://github.com/rust-lang/crates.io-index"

[[package]]
name = "xlang"
version = "0.1.0"
dependencies = [
 "target-tuples 0.4.1 (registry+https://github.com/rust-lang/crates.io-index)",
 "xlang_abi 0.1.0",
 "xlang_interface 0.1.0",
]

[[package]]
name = "xlang-host"
version = "0.1.0"

[[package]]
name = "xlang_abi"
version = "0.1.0"
dependencies = [
 "xlang_abi_macro 0.1.0",
]

[[package]]
name = "xlang_abi_macro"
version = "0.1.0"
dependencies = [
 "proc-macro2 1.0.29 (registry+https://github.com/rust-lang/crates.io-index)",
 "quote 1.0.9 (registry+https://github.com/rust-lang/crates.io-index)",
 "syn 1.0.75 (registry+https://github.com/rust-lang/crates.io-index)",
]

[[package]]
name = "xlang_interface"
version = "0.1.0"
dependencies = [
 "xlang-host 0.1.0",
 "xlang_abi 0.1.0",
 "xlang_targets 0.1.0",
]

[[package]]
name = "xlang_struct"
version = "0.1.0"
dependencies = [
 "xlang 0.1.0",
 "xlang_abi 0.1.0",
]

[[package]]
name = "xlang_targets"
version = "0.1.0"
dependencies = [
 "target-tuples 0.5.0 (registry+https://github.com/rust-lang/crates.io-index)",
 "xlang_abi 0.1.0",
]

[metadata]
"checksum proc-macro2 1.0.29 (registry+https://github.com/rust-lang/crates.io-index)" = "b9f5105d4fdaab20335ca9565e106a5d9b82b6219b5ba735731124ac6711d23d"
"checksum quote 1.0.9 (registry+https://github.com/rust-lang/crates.io-index)" = "c3d0b9745dc2debf507c8422de05d7226cc1f0644216dfdfead988f9b1ab32a7"
"checksum syn 1.0.75 (registry+https://github.com/rust-lang/crates.io-index)" = "b7f58f7e8eaa0009c5fec437aabf511bd9933e4b2d7407bd05273c01a8906ea7"
"checksum target-tuples 0.4.1 (registry+https://github.com/rust-lang/crates.io-index)" = "a50e80f6ada7860f52175c48679e22005d0d6df8a4ff87b66aeef976ea1481fe"
"checksum target-tuples 0.5.0 (registry+https://github.com/rust-lang/crates.io-index)" = "b667d7a73dc3e93a31c76819fcee0ef4fb8806e2eb118a817aa81d81ab22048c"
"checksum unicode-xid 0.2.2 (registry+https://github.com/rust-lang/crates.io-index)" = "8ccb82d61f80a663efe1f787a51b16b5a51e3314d6ac365b08639f52387b33f3"
