# This file is automatically @generated by Cargo.
# It is not intended for manual editing.
[[package]]
name = "liballoc"
version = "0.1.0"
dependencies = [
 "libcore",
]

[[package]]
name = "libcore"
version = "0.1.0"

[[package]]
name = "libproc_macro"
version = "0.1.0"
dependencies = [
 "liballoc",
 "libcore",
]
